
Microsoft Visual Studio Solution File, Format Version 12.00
# Visual Studio Version 16
VisualStudioVersion = 16.0.29324.140
MinimumVisualStudioVersion = 10.0.40219.1
Project("{9A19103F-16F7-4668-BE54-9A1E7A4F7556}") = "PriorityQueueLib", "PriorityQueue\PriorityQueueLib.csproj", "{F591121D-C1C2-4992-9BD2-E1D1F43EB54E}"
EndProject
Project("{9A19103F-16F7-4668-BE54-9A1E7A4F7556}") = "PriorityConsole", "PriorityConsole\PriorityConsole.csproj", "{BBC8EC15-F0BA-483C-A229-F7CC63BDD6F9}"
EndProject
Project("{FAE04EC0-301F-11D3-BF4B-00C04F79EFBC}") = "PriorityQueueTest", "PriorityQueueTest\PriorityQueueTest.csproj", "{3A3C62AB-2E87-4057-A394-E9DE489079EE}"
EndProject
Global
	GlobalSection(SolutionConfigurationPlatforms) = preSolution
		Debug|Any CPU = Debug|Any CPU
		Release|Any CPU = Release|Any CPU
	EndGlobalSection
	GlobalSection(ProjectConfigurationPlatforms) = postSolution
		{F591121D-C1C2-4992-9BD2-E1D1F43EB54E}.Debug|Any CPU.ActiveCfg = Debug|Any CPU
		{F591121D-C1C2-4992-9BD2-E1D1F43EB54E}.Debug|Any CPU.Build.0 = Debug|Any CPU
		{F591121D-C1C2-4992-9BD2-E1D1F43EB54E}.Release|Any CPU.ActiveCfg = Release|Any CPU
		{F591121D-C1C2-4992-9BD2-E1D1F43EB54E}.Release|Any CPU.Build.0 = Release|Any CPU
		{BBC8EC15-F0BA-483C-A229-F7CC63BDD6F9}.Debug|Any CPU.ActiveCfg = Debug|Any CPU
		{BBC8EC15-F0BA-483C-A229-F7CC63BDD6F9}.Debug|Any CPU.Build.0 = Debug|Any CPU
		{BBC8EC15-F0BA-483C-A229-F7CC63BDD6F9}.Release|Any CPU.ActiveCfg = Release|Any CPU
		{BBC8EC15-F0BA-483C-A229-F7CC63BDD6F9}.Release|Any CPU.Build.0 = Release|Any CPU
		{3A3C62AB-2E87-4057-A394-E9DE489079EE}.Debug|Any CPU.ActiveCfg = Debug|Any CPU
		{3A3C62AB-2E87-4057-A394-E9DE489079EE}.Debug|Any CPU.Build.0 = Debug|Any CPU
		{3A3C62AB-2E87-4057-A394-E9DE489079EE}.Release|Any CPU.ActiveCfg = Release|Any CPU
		{3A3C62AB-2E87-4057-A394-E9DE489079EE}.Release|Any CPU.Build.0 = Release|Any CPU
	EndGlobalSection
	GlobalSection(SolutionProperties) = preSolution
		HideSolutionNode = FALSE
	EndGlobalSection
	GlobalSection(ExtensibilityGlobals) = postSolution
		SolutionGuid = {47F5576D-2ABF-493D-8EF1-7F6E7F205DF3}
	EndGlobalSection
EndGlobal
